
Microsoft Visual Studio Solution File, Format Version 12.00
# Visual Studio Version 17
VisualStudioVersion = 17.4.33213.308
MinimumVisualStudioVersion = 10.0.40219.1
Project("{2150E333-8FDC-42A3-9474-1A3956D46DE8}") = "Backend", "Backend", "{C558D860-8814-4B38-AA2E-67BD566035E1}"
EndProject
Project("{FAE04EC0-301F-11D3-BF4B-00C04F79EFBC}") = "ScreeningTest.Backend.App", "Backend\ScreeningTest.Backend.App\ScreeningTest.Backend.App.csproj", "{0A285A24-A8A1-4FF7-B266-ED1C8C48E2D0}"
EndProject
Global
	GlobalSection(SolutionConfigurationPlatforms) = preSolution
		Debug|Any CPU = Debug|Any CPU
		Release|Any CPU = Release|Any CPU
	EndGlobalSection
	GlobalSection(ProjectConfigurationPlatforms) = postSolution
		{0A285A24-A8A1-4FF7-B266-ED1C8C48E2D0}.Debug|Any CPU.ActiveCfg = Debug|Any CPU
		{0A285A24-A8A1-4FF7-B266-ED1C8C48E2D0}.Debug|Any CPU.Build.0 = Debug|Any CPU
		{0A285A24-A8A1-4FF7-B266-ED1C8C48E2D0}.Release|Any CPU.ActiveCfg = Release|Any CPU
		{0A285A24-A8A1-4FF7-B266-ED1C8C48E2D0}.Release|Any CPU.Build.0 = Release|Any CPU
	EndGlobalSection
	GlobalSection(SolutionProperties) = preSolution
		HideSolutionNode = FALSE
	EndGlobalSection
	GlobalSection(NestedProjects) = preSolution
		{0A285A24-A8A1-4FF7-B266-ED1C8C48E2D0} = {C558D860-8814-4B38-AA2E-67BD566035E1}
	EndGlobalSection
	GlobalSection(ExtensibilityGlobals) = postSolution
		SolutionGuid = {A4C9DFC9-02AF-4520-820E-48CBAE33FBD0}
	EndGlobalSection
EndGlobal
